
Microsoft Visual Studio Solution File, Format Version 12.00
# Visual Studio Version 17
VisualStudioVersion = 17.8.34330.188
MinimumVisualStudioVersion = 10.0.40219.1
Project("{FAE04EC0-301F-11D3-BF4B-00C04F79EFBC}") = "AutomatTheory3.0Lexer", "AutomatTheory3.0Lexer\AutomatTheory3.0Lexer.csproj", "{BBE8635C-4BE7-434D-8523-CB4901ED0614}"
EndProject
Global
	GlobalSection(SolutionConfigurationPlatforms) = preSolution
		Debug|Any CPU = Debug|Any CPU
		Release|Any CPU = Release|Any CPU
	EndGlobalSection
	GlobalSection(ProjectConfigurationPlatforms) = postSolution
		{BBE8635C-4BE7-434D-8523-CB4901ED0614}.Debug|Any CPU.ActiveCfg = Debug|Any CPU
		{BBE8635C-4BE7-434D-8523-CB4901ED0614}.Debug|Any CPU.Build.0 = Debug|Any CPU
		{BBE8635C-4BE7-434D-8523-CB4901ED0614}.Release|Any CPU.ActiveCfg = Release|Any CPU
		{BBE8635C-4BE7-434D-8523-CB4901ED0614}.Release|Any CPU.Build.0 = Release|Any CPU
	EndGlobalSection
	GlobalSection(SolutionProperties) = preSolution
		HideSolutionNode = FALSE
	EndGlobalSection
	GlobalSection(ExtensibilityGlobals) = postSolution
		SolutionGuid = {DDD4DBA0-6F1A-4EB7-A762-BD0912184061}
	EndGlobalSection
EndGlobal
